
Microsoft Visual Studio Solution File, Format Version 12.00
# Visual Studio Version 17
VisualStudioVersion = 17.3.32819.101
MinimumVisualStudioVersion = 10.0.40219.1
Project("{FAE04EC0-301F-11D3-BF4B-00C04F79EFBC}") = "TravelDreams", "TravelDreams.csproj", "{1E2E9CC3-3DFF-47D0-9FCB-AFB7FB14E299}"
EndProject
Global
	GlobalSection(SolutionConfigurationPlatforms) = preSolution
		Debug|Any CPU = Debug|Any CPU
		Release|Any CPU = Release|Any CPU
	EndGlobalSection
	GlobalSection(ProjectConfigurationPlatforms) = postSolution
		{1E2E9CC3-3DFF-47D0-9FCB-AFB7FB14E299}.Debug|Any CPU.ActiveCfg = Debug|Any CPU
		{1E2E9CC3-3DFF-47D0-9FCB-AFB7FB14E299}.Debug|Any CPU.Build.0 = Debug|Any CPU
		{1E2E9CC3-3DFF-47D0-9FCB-AFB7FB14E299}.Release|Any CPU.ActiveCfg = Release|Any CPU
		{1E2E9CC3-3DFF-47D0-9FCB-AFB7FB14E299}.Release|Any CPU.Build.0 = Release|Any CPU
	EndGlobalSection
	GlobalSection(SolutionProperties) = preSolution
		HideSolutionNode = FALSE
	EndGlobalSection
	GlobalSection(ExtensibilityGlobals) = postSolution
		SolutionGuid = {5C10C661-07A7-4283-A4C2-94DBFE5075BE}
	EndGlobalSection
EndGlobal
